version: 2.0
shards:
  bindata:
    git: https://github.com/spider-gazelle/bindata.git
    version: 2.1.0

  db:
    git: https://github.com/crystal-lang/crystal-db.git
    version: 0.13.1

  html_builder:
    git: https://github.com/crystal-lang/html_builder.git
    version: 0.2.2

  jwt:
    git: https://github.com/crystal-community/jwt.git
    version: 1.6.1

  openssl_ext:
    git: https://github.com/spider-gazelle/openssl_ext.git
    version: 2.4.4

  pool:
    git: https://github.com/ysbaddaden/pool.git
    version: 0.2.4

  redis:
    git: https://github.com/stefanwille/crystal-redis.git
    version: 2.9.1

